
Microsoft Visual Studio Solution File, Format Version 12.00
# Visual Studio Version 16
VisualStudioVersion = 16.0.30907.101
MinimumVisualStudioVersion = 10.0.40219.1
Project("{FAE04EC0-301F-11D3-BF4B-00C04F79EFBC}") = "BetaLearnOne.Android", "BetaLearnOne.Android\BetaLearnOne.Android.csproj", "{DF0E414C-7BD0-452D-B3A0-EAA32DFCFA34}"
EndProject
Project("{FAE04EC0-301F-11D3-BF4B-00C04F79EFBC}") = "BetaLearnOne.iOS", "BetaLearnOne.iOS\BetaLearnOne.iOS.csproj", "{D5B14A83-130A-4A9C-A470-3188CC6C283A}"
EndProject
Project("{FAE04EC0-301F-11D3-BF4B-00C04F79EFBC}") = "BetaLearnOne", "BetaLearnOne\BetaLearnOne.csproj", "{35391C39-136D-4737-A156-0DF5B17072D9}"
EndProject
Global
	GlobalSection(SolutionConfigurationPlatforms) = preSolution
		Debug|Any CPU = Debug|Any CPU
		Debug|iPhone = Debug|iPhone
		Debug|iPhoneSimulator = Debug|iPhoneSimulator
		Release|Any CPU = Release|Any CPU
		Release|iPhone = Release|iPhone
		Release|iPhoneSimulator = Release|iPhoneSimulator
	EndGlobalSection
	GlobalSection(ProjectConfigurationPlatforms) = postSolution
		{DF0E414C-7BD0-452D-B3A0-EAA32DFCFA34}.Debug|Any CPU.ActiveCfg = Debug|Any CPU
		{DF0E414C-7BD0-452D-B3A0-EAA32DFCFA34}.Debug|Any CPU.Build.0 = Debug|Any CPU
		{DF0E414C-7BD0-452D-B3A0-EAA32DFCFA34}.Debug|Any CPU.Deploy.0 = Debug|Any CPU
		{DF0E414C-7BD0-452D-B3A0-EAA32DFCFA34}.Debug|iPhone.ActiveCfg = Debug|Any CPU
		{DF0E414C-7BD0-452D-B3A0-EAA32DFCFA34}.Debug|iPhone.Build.0 = Debug|Any CPU
		{DF0E414C-7BD0-452D-B3A0-EAA32DFCFA34}.Debug|iPhone.Deploy.0 = Debug|Any CPU
		{DF0E414C-7BD0-452D-B3A0-EAA32DFCFA34}.Debug|iPhoneSimulator.ActiveCfg = Debug|Any CPU
		{DF0E414C-7BD0-452D-B3A0-EAA32DFCFA34}.Debug|iPhoneSimulator.Build.0 = Debug|Any CPU
		{DF0E414C-7BD0-452D-B3A0-EAA32DFCFA34}.Debug|iPhoneSimulator.Deploy.0 = Debug|Any CPU
		{DF0E414C-7BD0-452D-B3A0-EAA32DFCFA34}.Release|Any CPU.ActiveCfg = Release|Any CPU
		{DF0E414C-7BD0-452D-B3A0-EAA32DFCFA34}.Release|Any CPU.Build.0 = Release|Any CPU
		{DF0E414C-7BD0-452D-B3A0-EAA32DFCFA34}.Release|Any CPU.Deploy.0 = Release|Any CPU
		{DF0E414C-7BD0-452D-B3A0-EAA32DFCFA34}.Release|iPhone.ActiveCfg = Release|Any CPU
		{DF0E414C-7BD0-452D-B3A0-EAA32DFCFA34}.Release|iPhone.Build.0 = Release|Any CPU
		{DF0E414C-7BD0-452D-B3A0-EAA32DFCFA34}.Release|iPhone.Deploy.0 = Release|Any CPU
		{DF0E414C-7BD0-452D-B3A0-EAA32DFCFA34}.Release|iPhoneSimulator.ActiveCfg = Release|Any CPU
		{DF0E414C-7BD0-452D-B3A0-EAA32DFCFA34}.Release|iPhoneSimulator.Build.0 = Release|Any CPU
		{DF0E414C-7BD0-452D-B3A0-EAA32DFCFA34}.Release|iPhoneSimulator.Deploy.0 = Release|Any CPU
		{D5B14A83-130A-4A9C-A470-3188CC6C283A}.Debug|Any CPU.ActiveCfg = Debug|iPhone
		{D5B14A83-130A-4A9C-A470-3188CC6C283A}.Debug|Any CPU.Build.0 = Debug|iPhone
		{D5B14A83-130A-4A9C-A470-3188CC6C283A}.Debug|Any CPU.Deploy.0 = Debug|iPhone
		{D5B14A83-130A-4A9C-A470-3188CC6C283A}.Debug|iPhone.ActiveCfg = Debug|iPhone
		{D5B14A83-130A-4A9C-A470-3188CC6C283A}.Debug|iPhone.Build.0 = Debug|iPhone
		{D5B14A83-130A-4A9C-A470-3188CC6C283A}.Debug|iPhone.Deploy.0 = Debug|iPhone
		{D5B14A83-130A-4A9C-A470-3188CC6C283A}.Debug|iPhoneSimulator.ActiveCfg = Debug|iPhoneSimulator
		{D5B14A83-130A-4A9C-A470-3188CC6C283A}.Debug|iPhoneSimulator.Build.0 = Debug|iPhoneSimulator
		{D5B14A83-130A-4A9C-A470-3188CC6C283A}.Debug|iPhoneSimulator.Deploy.0 = Debug|iPhoneSimulator
		{D5B14A83-130A-4A9C-A470-3188CC6C283A}.Release|Any CPU.ActiveCfg = Release|iPhoneSimulator
		{D5B14A83-130A-4A9C-A470-3188CC6C283A}.Release|Any CPU.Build.0 = Release|iPhoneSimulator
		{D5B14A83-130A-4A9C-A470-3188CC6C283A}.Release|Any CPU.Deploy.0 = Release|iPhoneSimulator
		{D5B14A83-130A-4A9C-A470-3188CC6C283A}.Release|iPhone.ActiveCfg = Release|iPhone
		{D5B14A83-130A-4A9C-A470-3188CC6C283A}.Release|iPhone.Build.0 = Release|iPhone
		{D5B14A83-130A-4A9C-A470-3188CC6C283A}.Release|iPhone.Deploy.0 = Release|iPhone
		{D5B14A83-130A-4A9C-A470-3188CC6C283A}.Release|iPhoneSimulator.ActiveCfg = Release|iPhoneSimulator
		{D5B14A83-130A-4A9C-A470-3188CC6C283A}.Release|iPhoneSimulator.Build.0 = Release|iPhoneSimulator
		{D5B14A83-130A-4A9C-A470-3188CC6C283A}.Release|iPhoneSimulator.Deploy.0 = Release|iPhoneSimulator
		{35391C39-136D-4737-A156-0DF5B17072D9}.Debug|Any CPU.ActiveCfg = Debug|Any CPU
		{35391C39-136D-4737-A156-0DF5B17072D9}.Debug|Any CPU.Build.0 = Debug|Any CPU
		{35391C39-136D-4737-A156-0DF5B17072D9}.Debug|Any CPU.Deploy.0 = Debug|Any CPU
		{35391C39-136D-4737-A156-0DF5B17072D9}.Debug|iPhone.ActiveCfg = Debug|Any CPU
		{35391C39-136D-4737-A156-0DF5B17072D9}.Debug|iPhone.Build.0 = Debug|Any CPU
		{35391C39-136D-4737-A156-0DF5B17072D9}.Debug|iPhone.Deploy.0 = Debug|Any CPU
		{35391C39-136D-4737-A156-0DF5B17072D9}.Debug|iPhoneSimulator.ActiveCfg = Debug|Any CPU
		{35391C39-136D-4737-A156-0DF5B17072D9}.Debug|iPhoneSimulator.Build.0 = Debug|Any CPU
		{35391C39-136D-4737-A156-0DF5B17072D9}.Debug|iPhoneSimulator.Deploy.0 = Debug|Any CPU
		{35391C39-136D-4737-A156-0DF5B17072D9}.Release|Any CPU.ActiveCfg = Release|Any CPU
		{35391C39-136D-4737-A156-0DF5B17072D9}.Release|Any CPU.Build.0 = Release|Any CPU
		{35391C39-136D-4737-A156-0DF5B17072D9}.Release|Any CPU.Deploy.0 = Release|Any CPU
		{35391C39-136D-4737-A156-0DF5B17072D9}.Release|iPhone.ActiveCfg = Release|Any CPU
		{35391C39-136D-4737-A156-0DF5B17072D9}.Release|iPhone.Build.0 = Release|Any CPU
		{35391C39-136D-4737-A156-0DF5B17072D9}.Release|iPhone.Deploy.0 = Release|Any CPU
		{35391C39-136D-4737-A156-0DF5B17072D9}.Release|iPhoneSimulator.ActiveCfg = Release|Any CPU
		{35391C39-136D-4737-A156-0DF5B17072D9}.Release|iPhoneSimulator.Build.0 = Release|Any CPU
		{35391C39-136D-4737-A156-0DF5B17072D9}.Release|iPhoneSimulator.Deploy.0 = Release|Any CPU
	EndGlobalSection
	GlobalSection(SolutionProperties) = preSolution
		HideSolutionNode = FALSE
	EndGlobalSection
	GlobalSection(ExtensibilityGlobals) = postSolution
		SolutionGuid = {E6ABBE00-50E5-4086-8E0C-586768D23B90}
	EndGlobalSection
EndGlobal
